dependencies:
- name: front-ui-service
  repository: file://./charts/front-ui-service
  version: 0.1.0
- name: account-service
  repository: file://./charts/account-service
  version: 0.1.0
- name: postgresql
  repository: https://charts.bitnami.com/bitnami
  version: 14.2.3
- name: redis
  repository: https://charts.bitnami.com/bitnami
  version: 17.11.3
- name: blocker-service
  repository: file://./charts/blocker-service
  version: 0.1.0
- name: postgresql
  repository: https://charts.bitnami.com/bitnami
  version: 14.2.3
- name: redis
  repository: https://charts.bitnami.com/bitnami
  version: 17.11.3
- name: cash-service
  repository: file://./charts/cash-service
  version: 0.1.0
- name: postgresql
  repository: https://charts.bitnami.com/bitnami
  version: 14.2.3
- name: transfer-service
  repository: file://./charts/transfer-service
  version: 0.1.0
- name: postgresql
  repository: https://charts.bitnami.com/bitnami
  version: 14.2.3
- name: exchange-service
  repository: file://./charts/exchange-service
  version: 0.1.0
- name: postgresql
  repository: https://charts.bitnami.com/bitnami
  version: 14.2.3
- name: exchange-generator-service
  repository: file://./charts/exchange-generator-service
  version: 0.1.0
- name: notification-service
  repository: file://./charts/notification-service
  version: 0.1.0
- name: postgresql
  repository: https://charts.bitnami.com/bitnami
  version: 14.2.3
- name: keycloak
  repository: https://charts.bitnami.com/bitnami
  version: 24.4.12
digest: sha256:dc755b54ec88ea5331db0209c57f23e8f99db3f5fa2058224de64d35541b6196
generated: "2025-09-21T17:55:17.7235882+03:00"
