dependencies:
- name: front-ui-service
  repository: file://./charts/front-ui-service
  version: 0.1.0
- name: account-service
  repository: file://./charts/account-service
  version: 0.1.0
- name: postgresql
  repository: https://charts.bitnami.com/bitnami
  version: 14.2.3
- name: redis
  repository: https://charts.bitnami.com/bitnami
  version: 17.11.3
- name: blocker-service
  repository: file://./charts/blocker-service
  version: 0.1.0
- name: postgresql
  repository: https://charts.bitnami.com/bitnami
  version: 14.2.3
- name: redis
  repository: https://charts.bitnami.com/bitnami
  version: 17.11.3
- name: cash-service
  repository: file://./charts/cash-service
  version: 0.1.0
- name: postgresql
  repository: https://charts.bitnami.com/bitnami
  version: 14.2.3
- name: transfer-service
  repository: file://./charts/transfer-service
  version: 0.1.0
- name: postgresql
  repository: https://charts.bitnami.com/bitnami
  version: 14.2.3
- name: exchange-service
  repository: file://./charts/exchange-service
  version: 0.1.0
- name: postgresql
  repository: https://charts.bitnami.com/bitnami
  version: 14.2.3
- name: exchange-generator-service
  repository: file://./charts/exchange-generator-service
  version: 0.1.0
- name: notification-service
  repository: file://./charts/notification-service
  version: 0.1.0
- name: postgresql
  repository: https://charts.bitnami.com/bitnami
  version: 14.2.3
- name: keycloak
  repository: https://charts.bitnami.com/bitnami
  version: 24.4.12
- name: kafka
  repository: https://charts.bitnami.com/bitnami
  version: 32.4.3
digest: sha256:07017bf509abde456c3594029a438bd462df5ea0b849b8f7cd50505574edc252
generated: "2025-09-25T13:03:27.6068856+03:00"
