dependencies:
- name: front-ui-service
  repository: file://./charts/front-ui-service
  version: 0.1.0
- name: account-service
  repository: file://./charts/account-service
  version: 0.1.0
- name: postgresql
  repository: https://charts.bitnami.com/bitnami
  version: 14.2.3
- name: redis
  repository: https://charts.bitnami.com/bitnami
  version: 17.11.3
- name: blocker-service
  repository: file://./charts/blocker-service
  version: 0.1.0
- name: postgresql
  repository: https://charts.bitnami.com/bitnami
  version: 14.2.3
- name: redis
  repository: https://charts.bitnami.com/bitnami
  version: 17.11.3
- name: cash-service
  repository: file://./charts/cash-service
  version: 0.1.0
- name: postgresql
  repository: https://charts.bitnami.com/bitnami
  version: 14.2.3
- name: transfer-service
  repository: file://./charts/transfer-service
  version: 0.1.0
- name: postgresql
  repository: https://charts.bitnami.com/bitnami
  version: 14.2.3
- name: exchange-service
  repository: file://./charts/exchange-service
  version: 0.1.0
- name: postgresql
  repository: https://charts.bitnami.com/bitnami
  version: 14.2.3
- name: exchange-generator-service
  repository: file://./charts/exchange-generator-service
  version: 0.1.0
- name: notification-service
  repository: file://./charts/notification-service
  version: 0.1.0
- name: postgresql
  repository: https://charts.bitnami.com/bitnami
  version: 14.2.3
- name: keycloak
  repository: https://charts.bitnami.com/bitnami
  version: 24.4.12
- name: kafka
  repository: https://charts.bitnami.com/bitnami
  version: 32.4.3
- name: zipkin
  repository: https://openzipkin.github.io/zipkin-helm
  version: 0.3.6
digest: sha256:86c76816db3e5d186906dc70930b17f2eab550d4fce170eaecda43e6f6a34f22
generated: "2025-10-01T19:15:54.1142514+03:00"
